
Microsoft Visual Studio Solution File, Format Version 12.00
# Visual Studio 15
VisualStudioVersion = 15.0.28307.572
MinimumVisualStudioVersion = 10.0.40219.1
Project("{FAE04EC0-301F-11D3-BF4B-00C04F79EFBC}") = "Lab05", "Lab05\Lab05.csproj", "{BA687DD1-EA80-4A9B-B3C9-A8F701BCAF86}"
EndProject
Global
	GlobalSection(SolutionConfigurationPlatforms) = preSolution
		Debug|Any CPU = Debug|Any CPU
		Release|Any CPU = Release|Any CPU
	EndGlobalSection
	GlobalSection(ProjectConfigurationPlatforms) = postSolution
		{BA687DD1-EA80-4A9B-B3C9-A8F701BCAF86}.Debug|Any CPU.ActiveCfg = Debug|Any CPU
		{BA687DD1-EA80-4A9B-B3C9-A8F701BCAF86}.Debug|Any CPU.Build.0 = Debug|Any CPU
		{BA687DD1-EA80-4A9B-B3C9-A8F701BCAF86}.Release|Any CPU.ActiveCfg = Release|Any CPU
		{BA687DD1-EA80-4A9B-B3C9-A8F701BCAF86}.Release|Any CPU.Build.0 = Release|Any CPU
	EndGlobalSection
	GlobalSection(SolutionProperties) = preSolution
		HideSolutionNode = FALSE
	EndGlobalSection
	GlobalSection(ExtensibilityGlobals) = postSolution
		SolutionGuid = {470BD4B0-F31A-4271-A48E-B286AC2AF273}
	EndGlobalSection
EndGlobal
